{
  "name": "bootstrap-css-utils",
  "version": "1.0.0",
  "lockfileVersion": 1,
  "requires": true,
  "dependencies": {
    "bootstrap": {
      "version": "4.1.3",
      "resolved": "https://registry.npmjs.org/bootstrap/-/bootstrap-4.1.3.tgz",
      "integrity": "sha512-rDFIzgXcof0jDyjNosjv4Sno77X4KuPeFxG2XZZv1/Kc8DRVGVADdoQyyOVDwPqL36DDmtCQbrpMCqvpPLJQ0w=="
    },
    "bootstrap4-utils-extended": {
      "version": "0.1.1",
      "resolved": "https://registry.npmjs.org/bootstrap4-utils-extended/-/bootstrap4-utils-extended-0.1.1.tgz",
      "integrity": "sha512-XL0GjWFG40VxNNyH8JgvucB5hBoRzhPT7XjO30HIgN59cDo3nlO6WluKT9LIlIfxevbq9nLi5WtgtjpjqbHbcg=="
    }
  }
}
